
Microsoft Visual Studio Solution File, Format Version 12.00
# Visual Studio Version 17
VisualStudioVersion = 17.13.35828.75
MinimumVisualStudioVersion = 10.0.40219.1
Project("{2150E333-8FDC-42A3-9474-1A3956D46DE8}") = "Services", "Services", "{02EA681E-C7D8-13C7-8484-4AC65E1B71E8}"
EndProject
Project("{2150E333-8FDC-42A3-9474-1A3956D46DE8}") = "Catalog", "Catalog", "{B91BBB78-B8F2-4980-A4B8-C196A3B5B41C}"
EndProject
Project("{FAE04EC0-301F-11D3-BF4B-00C04F79EFBC}") = "Catalog_API", "src\Services\Catalog\Catalog_API\Catalog_API.csproj", "{B21634D1-1A6D-4B64-9F3A-AC259DE3AA80}"
EndProject
Project("{2150E333-8FDC-42A3-9474-1A3956D46DE8}") = "BuildingBlocks", "BuildingBlocks", "{1E61B1E4-C26D-477B-93BC-BC7751E89F9E}"
EndProject
Project("{FAE04EC0-301F-11D3-BF4B-00C04F79EFBC}") = "BuildingBlocks", "src\BuildingBlocks\BuildingBlocks\BuildingBlocks.csproj", "{D50E1688-19E1-43F0-B73C-4029AC1A6752}"
EndProject
Project("{E53339B2-1760-4266-BCC7-CA923CBCF16C}") = "docker-compose", "docker-compose.dcproj", "{81DDED9D-158B-E303-5F62-77A2896D2A5A}"
EndProject
Project("{2150E333-8FDC-42A3-9474-1A3956D46DE8}") = "Basket", "Basket", "{85D10C7D-5FE9-49F9-ABA4-A49996C84106}"
EndProject
Project("{FAE04EC0-301F-11D3-BF4B-00C04F79EFBC}") = "Basket_API", "src\Services\Basket\Basket_API\Basket_API.csproj", "{7BD3C723-63A8-49C1-9D53-F0342660D880}"
EndProject
Project("{2150E333-8FDC-42A3-9474-1A3956D46DE8}") = "Discount", "Discount", "{04D68835-7750-40FA-9770-A3A321467219}"
EndProject
Project("{FAE04EC0-301F-11D3-BF4B-00C04F79EFBC}") = "Discount.Grpc", "src\Services\Discount\Discount.Grpc\Discount.Grpc.csproj", "{C354D220-111F-40AF-A5C8-FFB1DBA6969F}"
EndProject
Project("{2150E333-8FDC-42A3-9474-1A3956D46DE8}") = "Ordering", "Ordering", "{175C2384-E887-4204-AFB3-2525CDDBE01D}"
EndProject
Project("{FAE04EC0-301F-11D3-BF4B-00C04F79EFBC}") = "Ordering_API", "src\Services\Ordering\Ordering_API\Ordering_API.csproj", "{AD4A1E68-5811-4576-B739-37A2C3B63B91}"
EndProject
Project("{FAE04EC0-301F-11D3-BF4B-00C04F79EFBC}") = "Ordering.Domain", "src\Services\Ordering\Ordering.Domain\Ordering.Domain.csproj", "{100F5F9B-32B5-47D4-92F6-679DADEB03C8}"
EndProject
Project("{FAE04EC0-301F-11D3-BF4B-00C04F79EFBC}") = "Ordering.Application", "src\Services\Ordering\Ordering.Application\Ordering.Application.csproj", "{D2BEE3B9-E73E-4603-9063-1E842519FA84}"
EndProject
Project("{FAE04EC0-301F-11D3-BF4B-00C04F79EFBC}") = "Ordering.Infrastructure", "src\Services\Ordering\Ordering.Infrastructure\Ordering.Infrastructure.csproj", "{D989F050-0849-4E8C-AAC8-D53D9E7EB56B}"
EndProject
Project("{FAE04EC0-301F-11D3-BF4B-00C04F79EFBC}") = "BuildingBlocks.Messaging", "src\BuildingBlocks\BuildingBlocks.Messaging\BuildingBlocks.Messaging.csproj", "{FC1D7340-DDA5-45D9-AA11-4F5922A7AAF8}"
EndProject
Project("{2150E333-8FDC-42A3-9474-1A3956D46DE8}") = "ApiGateways", "ApiGateways", "{84C42CD3-42E8-47D6-BDBE-0A7110115B4D}"
EndProject
Project("{FAE04EC0-301F-11D3-BF4B-00C04F79EFBC}") = "YarpApiGateways", "src\ApiGateways\YarpApiGateways\YarpApiGateways.csproj", "{ED781B70-B31A-4E48-926C-BBB082AF26B6}"
EndProject
Project("{2150E333-8FDC-42A3-9474-1A3956D46DE8}") = "WebApps", "WebApps", "{31AFE66A-383C-4860-ADDC-FF8D896293EB}"
EndProject
Project("{FAE04EC0-301F-11D3-BF4B-00C04F79EFBC}") = "Shopping.Web", "src\WebApps\Shopping.Web\Shopping.Web.csproj", "{F12D5C95-87DD-4D3B-9323-62477236A7FC}"
EndProject
Global
	GlobalSection(SolutionConfigurationPlatforms) = preSolution
		Debug|Any CPU = Debug|Any CPU
		Release|Any CPU = Release|Any CPU
	EndGlobalSection
	GlobalSection(ProjectConfigurationPlatforms) = postSolution
		{B21634D1-1A6D-4B64-9F3A-AC259DE3AA80}.Debug|Any CPU.ActiveCfg = Debug|Any CPU
		{B21634D1-1A6D-4B64-9F3A-AC259DE3AA80}.Debug|Any CPU.Build.0 = Debug|Any CPU
		{B21634D1-1A6D-4B64-9F3A-AC259DE3AA80}.Release|Any CPU.ActiveCfg = Release|Any CPU
		{B21634D1-1A6D-4B64-9F3A-AC259DE3AA80}.Release|Any CPU.Build.0 = Release|Any CPU
		{D50E1688-19E1-43F0-B73C-4029AC1A6752}.Debug|Any CPU.ActiveCfg = Debug|Any CPU
		{D50E1688-19E1-43F0-B73C-4029AC1A6752}.Debug|Any CPU.Build.0 = Debug|Any CPU
		{D50E1688-19E1-43F0-B73C-4029AC1A6752}.Release|Any CPU.ActiveCfg = Release|Any CPU
		{D50E1688-19E1-43F0-B73C-4029AC1A6752}.Release|Any CPU.Build.0 = Release|Any CPU
		{81DDED9D-158B-E303-5F62-77A2896D2A5A}.Debug|Any CPU.ActiveCfg = Debug|Any CPU
		{81DDED9D-158B-E303-5F62-77A2896D2A5A}.Debug|Any CPU.Build.0 = Debug|Any CPU
		{81DDED9D-158B-E303-5F62-77A2896D2A5A}.Release|Any CPU.ActiveCfg = Release|Any CPU
		{81DDED9D-158B-E303-5F62-77A2896D2A5A}.Release|Any CPU.Build.0 = Release|Any CPU
		{7BD3C723-63A8-49C1-9D53-F0342660D880}.Debug|Any CPU.ActiveCfg = Debug|Any CPU
		{7BD3C723-63A8-49C1-9D53-F0342660D880}.Debug|Any CPU.Build.0 = Debug|Any CPU
		{7BD3C723-63A8-49C1-9D53-F0342660D880}.Release|Any CPU.ActiveCfg = Release|Any CPU
		{7BD3C723-63A8-49C1-9D53-F0342660D880}.Release|Any CPU.Build.0 = Release|Any CPU
		{C354D220-111F-40AF-A5C8-FFB1DBA6969F}.Debug|Any CPU.ActiveCfg = Debug|Any CPU
		{C354D220-111F-40AF-A5C8-FFB1DBA6969F}.Debug|Any CPU.Build.0 = Debug|Any CPU
		{C354D220-111F-40AF-A5C8-FFB1DBA6969F}.Release|Any CPU.ActiveCfg = Release|Any CPU
		{C354D220-111F-40AF-A5C8-FFB1DBA6969F}.Release|Any CPU.Build.0 = Release|Any CPU
		{AD4A1E68-5811-4576-B739-37A2C3B63B91}.Debug|Any CPU.ActiveCfg = Debug|Any CPU
		{AD4A1E68-5811-4576-B739-37A2C3B63B91}.Debug|Any CPU.Build.0 = Debug|Any CPU
		{AD4A1E68-5811-4576-B739-37A2C3B63B91}.Release|Any CPU.ActiveCfg = Release|Any CPU
		{AD4A1E68-5811-4576-B739-37A2C3B63B91}.Release|Any CPU.Build.0 = Release|Any CPU
		{100F5F9B-32B5-47D4-92F6-679DADEB03C8}.Debug|Any CPU.ActiveCfg = Debug|Any CPU
		{100F5F9B-32B5-47D4-92F6-679DADEB03C8}.Debug|Any CPU.Build.0 = Debug|Any CPU
		{100F5F9B-32B5-47D4-92F6-679DADEB03C8}.Release|Any CPU.ActiveCfg = Release|Any CPU
		{100F5F9B-32B5-47D4-92F6-679DADEB03C8}.Release|Any CPU.Build.0 = Release|Any CPU
		{D2BEE3B9-E73E-4603-9063-1E842519FA84}.Debug|Any CPU.ActiveCfg = Debug|Any CPU
		{D2BEE3B9-E73E-4603-9063-1E842519FA84}.Debug|Any CPU.Build.0 = Debug|Any CPU
		{D2BEE3B9-E73E-4603-9063-1E842519FA84}.Release|Any CPU.ActiveCfg = Release|Any CPU
		{D2BEE3B9-E73E-4603-9063-1E842519FA84}.Release|Any CPU.Build.0 = Release|Any CPU
		{D989F050-0849-4E8C-AAC8-D53D9E7EB56B}.Debug|Any CPU.ActiveCfg = Debug|Any CPU
		{D989F050-0849-4E8C-AAC8-D53D9E7EB56B}.Debug|Any CPU.Build.0 = Debug|Any CPU
		{D989F050-0849-4E8C-AAC8-D53D9E7EB56B}.Release|Any CPU.ActiveCfg = Release|Any CPU
		{D989F050-0849-4E8C-AAC8-D53D9E7EB56B}.Release|Any CPU.Build.0 = Release|Any CPU
		{FC1D7340-DDA5-45D9-AA11-4F5922A7AAF8}.Debug|Any CPU.ActiveCfg = Debug|Any CPU
		{FC1D7340-DDA5-45D9-AA11-4F5922A7AAF8}.Debug|Any CPU.Build.0 = Debug|Any CPU
		{FC1D7340-DDA5-45D9-AA11-4F5922A7AAF8}.Release|Any CPU.ActiveCfg = Release|Any CPU
		{FC1D7340-DDA5-45D9-AA11-4F5922A7AAF8}.Release|Any CPU.Build.0 = Release|Any CPU
		{ED781B70-B31A-4E48-926C-BBB082AF26B6}.Debug|Any CPU.ActiveCfg = Debug|Any CPU
		{ED781B70-B31A-4E48-926C-BBB082AF26B6}.Debug|Any CPU.Build.0 = Debug|Any CPU
		{ED781B70-B31A-4E48-926C-BBB082AF26B6}.Release|Any CPU.ActiveCfg = Release|Any CPU
		{ED781B70-B31A-4E48-926C-BBB082AF26B6}.Release|Any CPU.Build.0 = Release|Any CPU
		{F12D5C95-87DD-4D3B-9323-62477236A7FC}.Debug|Any CPU.ActiveCfg = Debug|Any CPU
		{F12D5C95-87DD-4D3B-9323-62477236A7FC}.Debug|Any CPU.Build.0 = Debug|Any CPU
		{F12D5C95-87DD-4D3B-9323-62477236A7FC}.Release|Any CPU.ActiveCfg = Release|Any CPU
		{F12D5C95-87DD-4D3B-9323-62477236A7FC}.Release|Any CPU.Build.0 = Release|Any CPU
	EndGlobalSection
	GlobalSection(SolutionProperties) = preSolution
		HideSolutionNode = FALSE
	EndGlobalSection
	GlobalSection(NestedProjects) = preSolution
		{B91BBB78-B8F2-4980-A4B8-C196A3B5B41C} = {02EA681E-C7D8-13C7-8484-4AC65E1B71E8}
		{B21634D1-1A6D-4B64-9F3A-AC259DE3AA80} = {B91BBB78-B8F2-4980-A4B8-C196A3B5B41C}
		{D50E1688-19E1-43F0-B73C-4029AC1A6752} = {1E61B1E4-C26D-477B-93BC-BC7751E89F9E}
		{85D10C7D-5FE9-49F9-ABA4-A49996C84106} = {02EA681E-C7D8-13C7-8484-4AC65E1B71E8}
		{7BD3C723-63A8-49C1-9D53-F0342660D880} = {85D10C7D-5FE9-49F9-ABA4-A49996C84106}
		{04D68835-7750-40FA-9770-A3A321467219} = {02EA681E-C7D8-13C7-8484-4AC65E1B71E8}
		{C354D220-111F-40AF-A5C8-FFB1DBA6969F} = {04D68835-7750-40FA-9770-A3A321467219}
		{175C2384-E887-4204-AFB3-2525CDDBE01D} = {02EA681E-C7D8-13C7-8484-4AC65E1B71E8}
		{AD4A1E68-5811-4576-B739-37A2C3B63B91} = {175C2384-E887-4204-AFB3-2525CDDBE01D}
		{100F5F9B-32B5-47D4-92F6-679DADEB03C8} = {175C2384-E887-4204-AFB3-2525CDDBE01D}
		{D2BEE3B9-E73E-4603-9063-1E842519FA84} = {175C2384-E887-4204-AFB3-2525CDDBE01D}
		{D989F050-0849-4E8C-AAC8-D53D9E7EB56B} = {175C2384-E887-4204-AFB3-2525CDDBE01D}
		{FC1D7340-DDA5-45D9-AA11-4F5922A7AAF8} = {1E61B1E4-C26D-477B-93BC-BC7751E89F9E}
		{ED781B70-B31A-4E48-926C-BBB082AF26B6} = {84C42CD3-42E8-47D6-BDBE-0A7110115B4D}
		{F12D5C95-87DD-4D3B-9323-62477236A7FC} = {31AFE66A-383C-4860-ADDC-FF8D896293EB}
	EndGlobalSection
	GlobalSection(ExtensibilityGlobals) = postSolution
		SolutionGuid = {BF7C1656-D65B-4F95-B75D-2B97058719F1}
	EndGlobalSection
EndGlobal
