
Microsoft Visual Studio Solution File, Format Version 12.00
# Visual Studio Version 17
VisualStudioVersion = 17.13.35828.75
MinimumVisualStudioVersion = 10.0.40219.1
Project("{2150E333-8FDC-42A3-9474-1A3956D46DE8}") = "Services", "Services", "{02EA681E-C7D8-13C7-8484-4AC65E1B71E8}"
EndProject
Project("{2150E333-8FDC-42A3-9474-1A3956D46DE8}") = "Catalog", "Catalog", "{B91BBB78-B8F2-4980-A4B8-C196A3B5B41C}"
EndProject
Project("{FAE04EC0-301F-11D3-BF4B-00C04F79EFBC}") = "Catalog_API", "src\Services\Catalog\Catalog_API\Catalog_API.csproj", "{B21634D1-1A6D-4B64-9F3A-AC259DE3AA80}"
EndProject
Project("{2150E333-8FDC-42A3-9474-1A3956D46DE8}") = "BuildingBlocks", "BuildingBlocks", "{1E61B1E4-C26D-477B-93BC-BC7751E89F9E}"
EndProject
Project("{FAE04EC0-301F-11D3-BF4B-00C04F79EFBC}") = "BuildingBlocks", "src\BuildingBlocks\BuildingBlocks\BuildingBlocks.csproj", "{D50E1688-19E1-43F0-B73C-4029AC1A6752}"
EndProject
Project("{E53339B2-1760-4266-BCC7-CA923CBCF16C}") = "docker-compose", "docker-compose.dcproj", "{81DDED9D-158B-E303-5F62-77A2896D2A5A}"
EndProject
Project("{2150E333-8FDC-42A3-9474-1A3956D46DE8}") = "Basket", "Basket", "{85D10C7D-5FE9-49F9-ABA4-A49996C84106}"
EndProject
Project("{FAE04EC0-301F-11D3-BF4B-00C04F79EFBC}") = "Basket_API", "src\Services\Basket\Basket_API\Basket_API.csproj", "{7BD3C723-63A8-49C1-9D53-F0342660D880}"
EndProject
Project("{2150E333-8FDC-42A3-9474-1A3956D46DE8}") = "Discount", "Discount", "{04D68835-7750-40FA-9770-A3A321467219}"
EndProject
Global
	GlobalSection(SolutionConfigurationPlatforms) = preSolution
		Debug|Any CPU = Debug|Any CPU
		Release|Any CPU = Release|Any CPU
	EndGlobalSection
	GlobalSection(ProjectConfigurationPlatforms) = postSolution
		{B21634D1-1A6D-4B64-9F3A-AC259DE3AA80}.Debug|Any CPU.ActiveCfg = Debug|Any CPU
		{B21634D1-1A6D-4B64-9F3A-AC259DE3AA80}.Debug|Any CPU.Build.0 = Debug|Any CPU
		{B21634D1-1A6D-4B64-9F3A-AC259DE3AA80}.Release|Any CPU.ActiveCfg = Release|Any CPU
		{B21634D1-1A6D-4B64-9F3A-AC259DE3AA80}.Release|Any CPU.Build.0 = Release|Any CPU
		{D50E1688-19E1-43F0-B73C-4029AC1A6752}.Debug|Any CPU.ActiveCfg = Debug|Any CPU
		{D50E1688-19E1-43F0-B73C-4029AC1A6752}.Debug|Any CPU.Build.0 = Debug|Any CPU
		{D50E1688-19E1-43F0-B73C-4029AC1A6752}.Release|Any CPU.ActiveCfg = Release|Any CPU
		{D50E1688-19E1-43F0-B73C-4029AC1A6752}.Release|Any CPU.Build.0 = Release|Any CPU
		{81DDED9D-158B-E303-5F62-77A2896D2A5A}.Debug|Any CPU.ActiveCfg = Debug|Any CPU
		{81DDED9D-158B-E303-5F62-77A2896D2A5A}.Debug|Any CPU.Build.0 = Debug|Any CPU
		{81DDED9D-158B-E303-5F62-77A2896D2A5A}.Release|Any CPU.ActiveCfg = Release|Any CPU
		{81DDED9D-158B-E303-5F62-77A2896D2A5A}.Release|Any CPU.Build.0 = Release|Any CPU
		{7BD3C723-63A8-49C1-9D53-F0342660D880}.Debug|Any CPU.ActiveCfg = Debug|Any CPU
		{7BD3C723-63A8-49C1-9D53-F0342660D880}.Debug|Any CPU.Build.0 = Debug|Any CPU
		{7BD3C723-63A8-49C1-9D53-F0342660D880}.Release|Any CPU.ActiveCfg = Release|Any CPU
		{7BD3C723-63A8-49C1-9D53-F0342660D880}.Release|Any CPU.Build.0 = Release|Any CPU
	EndGlobalSection
	GlobalSection(SolutionProperties) = preSolution
		HideSolutionNode = FALSE
	EndGlobalSection
	GlobalSection(NestedProjects) = preSolution
		{B91BBB78-B8F2-4980-A4B8-C196A3B5B41C} = {02EA681E-C7D8-13C7-8484-4AC65E1B71E8}
		{B21634D1-1A6D-4B64-9F3A-AC259DE3AA80} = {B91BBB78-B8F2-4980-A4B8-C196A3B5B41C}
		{D50E1688-19E1-43F0-B73C-4029AC1A6752} = {1E61B1E4-C26D-477B-93BC-BC7751E89F9E}
		{85D10C7D-5FE9-49F9-ABA4-A49996C84106} = {02EA681E-C7D8-13C7-8484-4AC65E1B71E8}
		{7BD3C723-63A8-49C1-9D53-F0342660D880} = {85D10C7D-5FE9-49F9-ABA4-A49996C84106}
		{04D68835-7750-40FA-9770-A3A321467219} = {02EA681E-C7D8-13C7-8484-4AC65E1B71E8}
	EndGlobalSection
	GlobalSection(ExtensibilityGlobals) = postSolution
		SolutionGuid = {BF7C1656-D65B-4F95-B75D-2B97058719F1}
	EndGlobalSection
EndGlobal
